
Microsoft Visual Studio Solution File, Format Version 12.00
# Visual Studio 15
VisualStudioVersion = 15.0.27428.2015
MinimumVisualStudioVersion = 10.0.40219.1
Project("{9A19103F-16F7-4668-BE54-9A1E7A4F7556}") = "TweetBrowser", "TweetBrowser\TweetBrowser.csproj", "{8D342738-6E7E-4EB0-88B4-C471F6657878}"
EndProject
Project("{FAE04EC0-301F-11D3-BF4B-00C04F79EFBC}") = "TweetBrowser.Tests", "TweetBrowser.Tests\TweetBrowser.Tests.csproj", "{976EEF05-1E86-4F92-BD98-912211BC1B60}"
EndProject
Global
	GlobalSection(SolutionConfigurationPlatforms) = preSolution
		Debug|Any CPU = Debug|Any CPU
		Release|Any CPU = Release|Any CPU
	EndGlobalSection
	GlobalSection(ProjectConfigurationPlatforms) = postSolution
		{8D342738-6E7E-4EB0-88B4-C471F6657878}.Debug|Any CPU.ActiveCfg = Debug|Any CPU
		{8D342738-6E7E-4EB0-88B4-C471F6657878}.Debug|Any CPU.Build.0 = Debug|Any CPU
		{8D342738-6E7E-4EB0-88B4-C471F6657878}.Release|Any CPU.ActiveCfg = Release|Any CPU
		{8D342738-6E7E-4EB0-88B4-C471F6657878}.Release|Any CPU.Build.0 = Release|Any CPU
		{976EEF05-1E86-4F92-BD98-912211BC1B60}.Debug|Any CPU.ActiveCfg = Debug|Any CPU
		{976EEF05-1E86-4F92-BD98-912211BC1B60}.Debug|Any CPU.Build.0 = Debug|Any CPU
		{976EEF05-1E86-4F92-BD98-912211BC1B60}.Release|Any CPU.ActiveCfg = Release|Any CPU
		{976EEF05-1E86-4F92-BD98-912211BC1B60}.Release|Any CPU.Build.0 = Release|Any CPU
	EndGlobalSection
	GlobalSection(SolutionProperties) = preSolution
		HideSolutionNode = FALSE
	EndGlobalSection
	GlobalSection(ExtensibilityGlobals) = postSolution
		SolutionGuid = {D713416A-6608-427C-8D16-D01AFBB0F4A9}
	EndGlobalSection
EndGlobal
